
Microsoft Visual Studio Solution File, Format Version 11.00
# Visual Studio 2010
Project("{8BC9CEB8-8B4A-11D0-8D11-00A0C91BC942}") = "Ex3_SearchInMatrix", "Ex3_SearchInMatrix.vcxproj", "{EFF99616-C3E4-467F-A491-9EDD6E53E0F8}"
EndProject
Global
	GlobalSection(SolutionConfigurationPlatforms) = preSolution
		Debug|Win32 = Debug|Win32
		Release|Win32 = Release|Win32
	EndGlobalSection
	GlobalSection(ProjectConfigurationPlatforms) = postSolution
		{EFF99616-C3E4-467F-A491-9EDD6E53E0F8}.Debug|Win32.ActiveCfg = Debug|Win32
		{EFF99616-C3E4-467F-A491-9EDD6E53E0F8}.Debug|Win32.Build.0 = Debug|Win32
		{EFF99616-C3E4-467F-A491-9EDD6E53E0F8}.Release|Win32.ActiveCfg = Release|Win32
		{EFF99616-C3E4-467F-A491-9EDD6E53E0F8}.Release|Win32.Build.0 = Release|Win32
	EndGlobalSection
	GlobalSection(SolutionProperties) = preSolution
		HideSolutionNode = FALSE
	EndGlobalSection
EndGlobal
